{
  "object": {
    "pins": [
      {
        "package": "PryntTrimmerView",
        "repositoryURL": "https://github.com/BeautyExchange/PryntTrimmerView",
        "state": {
          "branch": null,
          "revision": "6a5278d0025e5d0034017bc0083ed7633d8bd48e",
          "version": "4.0.2"
        }
      },
      {
        "package": "Stevia",
        "repositoryURL": "https://github.com/freshOS/Stevia",
        "state": {
          "branch": null,
          "revision": "be8aaca132c7d94bcb50622c3c960219440194de",
          "version": "5.0.1"
        }
      }
    ]
  },
  "version": 1
}
